{
  "name": "wreck-async-await-stacktrace",
  "version": "1.0.0",
  "lockfileVersion": 1,
  "requires": true,
  "dependencies": {
    "boom": {
      "version": "7.1.1",
      "resolved": "https://artifactory.homeawaycorp.com/artifactory/api/npm/npm/boom/-/boom-7.1.1.tgz",
      "integrity": "sha1-UDkqTjQX6XHxrShiLCDoMidSYLs=",
      "requires": {
        "hoek": "5.0.2"
      }
    },
    "hoek": {
      "version": "5.0.2",
      "resolved": "https://artifactory.homeawaycorp.com/artifactory/api/npm/npm/hoek/-/hoek-5.0.2.tgz",
      "integrity": "sha1-0vLJXTb+cYnPiqjCN6vBlQ7KE3g="
    },
    "wreck": {
      "version": "14.0.2",
      "resolved": "https://artifactory.homeawaycorp.com/artifactory/api/npm/npm/wreck/-/wreck-14.0.2.tgz",
      "integrity": "sha1-icF6kGHHRe0cOuvLZuoYHbqrRUw=",
      "requires": {
        "boom": "7.1.1",
        "hoek": "5.0.2"
      }
    }
  }
}
